
Microsoft Visual Studio Solution File, Format Version 12.00
# Visual Studio Version 16
VisualStudioVersion = 16.0.32106.194
MinimumVisualStudioVersion = 10.0.40219.1
Project("{FAE04EC0-301F-11D3-BF4B-00C04F79EFBC}") = "PersonalityTest", "PersonalityTest\PersonalityTest.csproj", "{C4A1EECB-5649-4FE0-8E4A-AA80CD204915}"
EndProject
Project("{FAE04EC0-301F-11D3-BF4B-00C04F79EFBC}") = "PersonalityTestSwitch", "PersonalityTestSwitch\PersonalityTestSwitch.csproj", "{4146A280-4A99-40C1-8029-7C7960F63C8D}"
EndProject
Project("{FAE04EC0-301F-11D3-BF4B-00C04F79EFBC}") = "GradingIF", "GradingIF\GradingIF.csproj", "{BD754F35-D1F4-4F35-A160-5DDFA17538AA}"
EndProject
Project("{FAE04EC0-301F-11D3-BF4B-00C04F79EFBC}") = "GradingSwitch", "GradingSwitch\GradingSwitch.csproj", "{A85D7DB9-C35D-4DBB-8DA2-E5E068F54C45}"
EndProject
Project("{FAE04EC0-301F-11D3-BF4B-00C04F79EFBC}") = "CatsDogs", "CatsDogs\CatsDogs.csproj", "{B01BF6C2-55D3-48E8-B7BF-61A80982B7BB}"
EndProject
Global
	GlobalSection(SolutionConfigurationPlatforms) = preSolution
		Debug|Any CPU = Debug|Any CPU
		Release|Any CPU = Release|Any CPU
	EndGlobalSection
	GlobalSection(ProjectConfigurationPlatforms) = postSolution
		{C4A1EECB-5649-4FE0-8E4A-AA80CD204915}.Debug|Any CPU.ActiveCfg = Debug|Any CPU
		{C4A1EECB-5649-4FE0-8E4A-AA80CD204915}.Debug|Any CPU.Build.0 = Debug|Any CPU
		{C4A1EECB-5649-4FE0-8E4A-AA80CD204915}.Release|Any CPU.ActiveCfg = Release|Any CPU
		{C4A1EECB-5649-4FE0-8E4A-AA80CD204915}.Release|Any CPU.Build.0 = Release|Any CPU
		{4146A280-4A99-40C1-8029-7C7960F63C8D}.Debug|Any CPU.ActiveCfg = Debug|Any CPU
		{4146A280-4A99-40C1-8029-7C7960F63C8D}.Debug|Any CPU.Build.0 = Debug|Any CPU
		{4146A280-4A99-40C1-8029-7C7960F63C8D}.Release|Any CPU.ActiveCfg = Release|Any CPU
		{4146A280-4A99-40C1-8029-7C7960F63C8D}.Release|Any CPU.Build.0 = Release|Any CPU
		{BD754F35-D1F4-4F35-A160-5DDFA17538AA}.Debug|Any CPU.ActiveCfg = Debug|Any CPU
		{BD754F35-D1F4-4F35-A160-5DDFA17538AA}.Debug|Any CPU.Build.0 = Debug|Any CPU
		{BD754F35-D1F4-4F35-A160-5DDFA17538AA}.Release|Any CPU.ActiveCfg = Release|Any CPU
		{BD754F35-D1F4-4F35-A160-5DDFA17538AA}.Release|Any CPU.Build.0 = Release|Any CPU
		{A85D7DB9-C35D-4DBB-8DA2-E5E068F54C45}.Debug|Any CPU.ActiveCfg = Debug|Any CPU
		{A85D7DB9-C35D-4DBB-8DA2-E5E068F54C45}.Debug|Any CPU.Build.0 = Debug|Any CPU
		{A85D7DB9-C35D-4DBB-8DA2-E5E068F54C45}.Release|Any CPU.ActiveCfg = Release|Any CPU
		{A85D7DB9-C35D-4DBB-8DA2-E5E068F54C45}.Release|Any CPU.Build.0 = Release|Any CPU
		{B01BF6C2-55D3-48E8-B7BF-61A80982B7BB}.Debug|Any CPU.ActiveCfg = Debug|Any CPU
		{B01BF6C2-55D3-48E8-B7BF-61A80982B7BB}.Debug|Any CPU.Build.0 = Debug|Any CPU
		{B01BF6C2-55D3-48E8-B7BF-61A80982B7BB}.Release|Any CPU.ActiveCfg = Release|Any CPU
		{B01BF6C2-55D3-48E8-B7BF-61A80982B7BB}.Release|Any CPU.Build.0 = Release|Any CPU
	EndGlobalSection
	GlobalSection(SolutionProperties) = preSolution
		HideSolutionNode = FALSE
	EndGlobalSection
	GlobalSection(ExtensibilityGlobals) = postSolution
		SolutionGuid = {B96C92D7-03C1-418A-A16B-0111515B6786}
	EndGlobalSection
EndGlobal
